// !$*UTF8*$!
{
	archiveVersion = 1;
	classes = {
	};
	objectVersion = 46;
	objects = {

/* Begin PBXBuildFile section */
		8B7A8A981AA26A0700BD77FE /* AppDelegate.swift in Sources */ = {isa = PBXBuildFile; fileRef = 8B7A8A971AA26A0700BD77FE /* AppDelegate.swift */; };
		8B7A8A9A1AA26A0700BD77FE /* ViewController.swift in Sources */ = {isa = PBXBuildFile; fileRef = 8B7A8A991AA26A0700BD77FE /* ViewController.swift */; };
		8B7A8A9D1AA26A0700BD77FE /* Main.storyboard in Resources */ = {isa = PBXBuildFile; fileRef = 8B7A8A9B1AA26A0700BD77FE /* Main.storyboard */; };
		8B7A8A9F1AA26A0700BD77FE /* Images.xcassets in Resources */ = {isa = PBXBuildFile; fileRef = 8B7A8A9E1AA26A0700BD77FE /* Images.xcassets */; };
		8B7A8AA21AA26A0700BD77FE /* LaunchScreen.xib in Resources */ = {isa = PBXBuildFile; fileRef = 8B7A8AA01AA26A0700BD77FE /* LaunchScreen.xib */; };
		8B7A8AAE1AA26A0700BD77FE /* LevenshteinExampleTests.swift in Sources */ = {isa = PBXBuildFile; fileRef = 8B7A8AAD1AA26A0700BD77FE /* LevenshteinExampleTests.swift */; };
		8BBBF4301AA26CAC00BD1ECA /* LevenshteinSwift.swift in Sources */ = {isa = PBXBuildFile; fileRef = 8BBBF42F1AA26CAC00BD1ECA /* LevenshteinSwift.swift */; };
		8BBBF4311AA26CAC00BD1ECA /* LevenshteinSwift.swift in Sources */ = {isa = PBXBuildFile; fileRef = 8BBBF42F1AA26CAC00BD1ECA /* LevenshteinSwift.swift */; };
/* End PBXBuildFile section */

/* Begin PBXContainerItemProxy section */
		8B7A8AA81AA26A0700BD77FE /* PBXContainerItemProxy */ = {
			isa = PBXContainerItemProxy;
			containerPortal = 8B7A8A8A1AA26A0700BD77FE /* Project object */;
			proxyType = 1;
			remoteGlobalIDString = 8B7A8A911AA26A0700BD77FE;
			remoteInfo = LevenshteinExample;
		};
/* End PBXContainerItemProxy section */

/* Begin PBXFileReference section */
		8B7A8A921AA26A0700BD77FE /* LevenshteinExample.app */ = {isa = PBXFileReference; explicitFileType = wrapper.application; includeInIndex = 0; path = LevenshteinExample.app; sourceTree = BUILT_PRODUCTS_DIR; };
		8B7A8A961AA26A0700BD77FE /* Info.plist */ = {isa = PBXFileReference; lastKnownFileType = text.plist.xml; path = Info.plist; sourceTree = "<group>"; };
		8B7A8A971AA26A0700BD77FE /* AppDelegate.swift */ = {isa = PBXFileReference; lastKnownFileType = sourcecode.swift; path = AppDelegate.swift; sourceTree = "<group>"; };
		8B7A8A991AA26A0700BD77FE /* ViewController.swift */ = {isa = PBXFileReference; lastKnownFileType = sourcecode.swift; path = ViewController.swift; sourceTree = "<group>"; };
		8B7A8A9C1AA26A0700BD77FE /* Base */ = {isa = PBXFileReference; lastKnownFileType = file.storyboard; name = Base; path = Base.lproj/Main.storyboard; sourceTree = "<group>"; };
		8B7A8A9E1AA26A0700BD77FE /* Images.xcassets */ = {isa = PBXFileReference; lastKnownFileType = folder.assetcatalog; path = Images.xcassets; sourceTree = "<group>"; };
		8B7A8AA11AA26A0700BD77FE /* Base */ = {isa = PBXFileReference; lastKnownFileType = file.xib; name = Base; path = Base.lproj/LaunchScreen.xib; sourceTree = "<group>"; };
		8B7A8AA71AA26A0700BD77FE /* LevenshteinExampleTests.xctest */ = {isa = PBXFileReference; explicitFileType = wrapper.cfbundle; includeInIndex = 0; path = LevenshteinExampleTests.xctest; sourceTree = BUILT_PRODUCTS_DIR; };
		8B7A8AAC1AA26A0700BD77FE /* Info.plist */ = {isa = PBXFileReference; lastKnownFileType = text.plist.xml; path = Info.plist; sourceTree = "<group>"; };
		8B7A8AAD1AA26A0700BD77FE /* LevenshteinExampleTests.swift */ = {isa = PBXFileReference; lastKnownFileType = sourcecode.swift; path = LevenshteinExampleTests.swift; sourceTree = "<group>"; };
		8BBBF42F1AA26CAC00BD1ECA /* LevenshteinSwift.swift */ = {isa = PBXFileReference; fileEncoding = 4; lastKnownFileType = sourcecode.swift; name = LevenshteinSwift.swift; path = ../../LevenshteinSwift.swift; sourceTree = "<group>"; };
/* End PBXFileReference section */

/* Begin PBXFrameworksBuildPhase section */
		8B7A8A8F1AA26A0700BD77FE /* Frameworks */ = {
			isa = PBXFrameworksBuildPhase;
			buildActionMask = 2147483647;
			files = (
			);
			runOnlyForDeploymentPostprocessing = 0;
		};
		8B7A8AA41AA26A0700BD77FE /* Frameworks */ = {
			isa = PBXFrameworksBuildPhase;
			buildActionMask = 2147483647;
			files = (
			);
			runOnlyForDeploymentPostprocessing = 0;
		};
/* End PBXFrameworksBuildPhase section */

/* Begin PBXGroup section */
		8B7A8A891AA26A0700BD77FE = {
			isa = PBXGroup;
			children = (
				8B7A8A941AA26A0700BD77FE /* LevenshteinExample */,
				8B7A8AAA1AA26A0700BD77FE /* LevenshteinExampleTests */,
				8B7A8A931AA26A0700BD77FE /* Products */,
			);
			sourceTree = "<group>";
		};
		8B7A8A931AA26A0700BD77FE /* Products */ = {
			isa = PBXGroup;
			children = (
				8B7A8A921AA26A0700BD77FE /* LevenshteinExample.app */,
				8B7A8AA71AA26A0700BD77FE /* LevenshteinExampleTests.xctest */,
			);
			name = Products;
			sourceTree = "<group>";
		};
		8B7A8A941AA26A0700BD77FE /* LevenshteinExample */ = {
			isa = PBXGroup;
			children = (
				8B7A8A971AA26A0700BD77FE /* AppDelegate.swift */,
				8B7A8A991AA26A0700BD77FE /* ViewController.swift */,
				8BBBF42F1AA26CAC00BD1ECA /* LevenshteinSwift.swift */,
				8B7A8A9B1AA26A0700BD77FE /* Main.storyboard */,
				8B7A8A9E1AA26A0700BD77FE /* Images.xcassets */,
				8B7A8AA01AA26A0700BD77FE /* LaunchScreen.xib */,
				8B7A8A951AA26A0700BD77FE /* Supporting Files */,
			);
			path = LevenshteinExample;
			sourceTree = "<group>";
		};
		8B7A8A951AA26A0700BD77FE /* Supporting Files */ = {
			isa = PBXGroup;
			children = (
				8B7A8A961AA26A0700BD77FE /* Info.plist */,
			);
			name = "Supporting Files";
			sourceTree = "<group>";
		};
		8B7A8AAA1AA26A0700BD77FE /* LevenshteinExampleTests */ = {
			isa = PBXGroup;
			children = (
				8B7A8AAD1AA26A0700BD77FE /* LevenshteinExampleTests.swift */,
				8B7A8AAB1AA26A0700BD77FE /* Supporting Files */,
			);
			path = LevenshteinExampleTests;
			sourceTree = "<group>";
		};
		8B7A8AAB1AA26A0700BD77FE /* Supporting Files */ = {
			isa = PBXGroup;
			children = (
				8B7A8AAC1AA26A0700BD77FE /* Info.plist */,
			);
			name = "Supporting Files";
			sourceTree = "<group>";
		};
/* End PBXGroup section */

/* Begin PBXNativeTarget section */
		8B7A8A911AA26A0700BD77FE /* LevenshteinExample */ = {
			isa = PBXNativeTarget;
			buildConfigurationList = 8B7A8AB11AA26A0700BD77FE /* Build configuration list for PBXNativeTarget "LevenshteinExample" */;
			buildPhases = (
				8B7A8A8E1AA26A0700BD77FE /* Sources */,
				8B7A8A8F1AA26A0700BD77FE /* Frameworks */,
				8B7A8A901AA26A0700BD77FE /* Resources */,
			);
			buildRules = (
			);
			dependencies = (
			);
			name = LevenshteinExample;
			productName = LevenshteinExample;
			productReference = 8B7A8A921AA26A0700BD77FE /* LevenshteinExample.app */;
			productType = "com.apple.product-type.application";
		};
		8B7A8AA61AA26A0700BD77FE /* LevenshteinExampleTests */ = {
			isa = PBXNativeTarget;
			buildConfigurationList = 8B7A8AB41AA26A0700BD77FE /* Build configuration list for PBXNativeTarget "LevenshteinExampleTests" */;
			buildPhases = (
				8B7A8AA31AA26A0700BD77FE /* Sources */,
				8B7A8AA41AA26A0700BD77FE /* Frameworks */,
				8B7A8AA51AA26A0700BD77FE /* Resources */,
			);
			buildRules = (
			);
			dependencies = (
				8B7A8AA91AA26A0700BD77FE /* PBXTargetDependency */,
			);
			name = LevenshteinExampleTests;
			productName = LevenshteinExampleTests;
			productReference = 8B7A8AA71AA26A0700BD77FE /* LevenshteinExampleTests.xctest */;
			productType = "com.apple.product-type.bundle.unit-test";
		};
/* End PBXNativeTarget section */

/* Begin PBXProject section */
		8B7A8A8A1AA26A0700BD77FE /* Project object */ = {
			isa = PBXProject;
			attributes = {
				LastUpgradeCheck = 0610;
				ORGANIZATIONNAME = "Davander Mobile Corporation";
				TargetAttributes = {
					8B7A8A911AA26A0700BD77FE = {
						CreatedOnToolsVersion = 6.1.1;
					};
					8B7A8AA61AA26A0700BD77FE = {
						CreatedOnToolsVersion = 6.1.1;
						TestTargetID = 8B7A8A911AA26A0700BD77FE;
					};
				};
			};
			buildConfigurationList = 8B7A8A8D1AA26A0700BD77FE /* Build configuration list for PBXProject "LevenshteinExample" */;
			compatibilityVersion = "Xcode 3.2";
			developmentRegion = English;
			hasScannedForEncodings = 0;
			knownRegions = (
				en,
				Base,
			);
			mainGroup = 8B7A8A891AA26A0700BD77FE;
			productRefGroup = 8B7A8A931AA26A0700BD77FE /* Products */;
			projectDirPath = "";
			projectRoot = "";
			targets = (
				8B7A8A911AA26A0700BD77FE /* LevenshteinExample */,
				8B7A8AA61AA26A0700BD77FE /* LevenshteinExampleTests */,
			);
		};
/* End PBXProject section */

/* Begin PBXResourcesBuildPhase section */
		8B7A8A901AA26A0700BD77FE /* Resources */ = {
			isa = PBXResourcesBuildPhase;
			buildActionMask = 2147483647;
			files = (
				8B7A8A9D1AA26A0700BD77FE /* Main.storyboard in Resources */,
				8B7A8AA21AA26A0700BD77FE /* LaunchScreen.xib in Resources */,
				8B7A8A9F1AA26A0700BD77FE /* Images.xcassets in Resources */,
			);
			runOnlyForDeploymentPostprocessing = 0;
		};
		8B7A8AA51AA26A0700BD77FE /* Resources */ = {
			isa = PBXResourcesBuildPhase;
			buildActionMask = 2147483647;
			files = (
			);
			runOnlyForDeploymentPostprocessing = 0;
		};
/* End PBXResourcesBuildPhase section */

/* Begin PBXSourcesBuildPhase section */
		8B7A8A8E1AA26A0700BD77FE /* Sources */ = {
			isa = PBXSourcesBuildPhase;
			buildActionMask = 2147483647;
			files = (
				8B7A8A9A1AA26A0700BD77FE /* ViewController.swift in Sources */,
				8B7A8A981AA26A0700BD77FE /* AppDelegate.swift in Sources */,
				8BBBF4301AA26CAC00BD1ECA /* LevenshteinSwift.swift in Sources */,
			);
			runOnlyForDeploymentPostprocessing = 0;
		};
		8B7A8AA31AA26A0700BD77FE /* Sources */ = {
			isa = PBXSourcesBuildPhase;
			buildActionMask = 2147483647;
			files = (
				8B7A8AAE1AA26A0700BD77FE /* LevenshteinExampleTests.swift in Sources */,
				8BBBF4311AA26CAC00BD1ECA /* LevenshteinSwift.swift in Sources */,
			);
			runOnlyForDeploymentPostprocessing = 0;
		};
/* End PBXSourcesBuildPhase section */

/* Begin PBXTargetDependency section */
		8B7A8AA91AA26A0700BD77FE /* PBXTargetDependency */ = {
			isa = PBXTargetDependency;
			target = 8B7A8A911AA26A0700BD77FE /* LevenshteinExample */;
			targetProxy = 8B7A8AA81AA26A0700BD77FE /* PBXContainerItemProxy */;
		};
/* End PBXTargetDependency section */

/* Begin PBXVariantGroup section */
		8B7A8A9B1AA26A0700BD77FE /* Main.storyboard */ = {
			isa = PBXVariantGroup;
			children = (
				8B7A8A9C1AA26A0700BD77FE /* Base */,
			);
			name = Main.storyboard;
			sourceTree = "<group>";
		};
		8B7A8AA01AA26A0700BD77FE /* LaunchScreen.xib */ = {
			isa = PBXVariantGroup;
			children = (
				8B7A8AA11AA26A0700BD77FE /* Base */,
			);
			name = LaunchScreen.xib;
			sourceTree = "<group>";
		};
/* End PBXVariantGroup section */

/* Begin XCBuildConfiguration section */
		8B7A8AAF1AA26A0700BD77FE /* Debug */ = {
			isa = XCBuildConfiguration;
			buildSettings = {
				ALWAYS_SEARCH_USER_PATHS = NO;
				CLANG_CXX_LANGUAGE_STANDARD = "gnu++0x";
				CLANG_CXX_LIBRARY = "libc++";
				CLANG_ENABLE_MODULES = YES;
				CLANG_ENABLE_OBJC_ARC = YES;
				CLANG_WARN_BOOL_CONVERSION = YES;
				CLANG_WARN_CONSTANT_CONVERSION = YES;
				CLANG_WARN_DIRECT_OBJC_ISA_USAGE = YES_ERROR;
				CLANG_WARN_EMPTY_BODY = YES;
				CLANG_WARN_ENUM_CONVERSION = YES;
				CLANG_WARN_INT_CONVERSION = YES;
				CLANG_WARN_OBJC_ROOT_CLASS = YES_ERROR;
				CLANG_WARN_UNREACHABLE_CODE = YES;
				CLANG_WARN__DUPLICATE_METHOD_MATCH = YES;
				"CODE_SIGN_IDENTITY[sdk=iphoneos*]" = "iPhone Developer";
				COPY_PHASE_STRIP = NO;
				ENABLE_STRICT_OBJC_MSGSEND = YES;
				GCC_C_LANGUAGE_STANDARD = gnu99;
				GCC_DYNAMIC_NO_PIC = NO;
				GCC_OPTIMIZATION_LEVEL = 0;
				GCC_PREPROCESSOR_DEFINITIONS = (
					"DEBUG=1",
					"$(inherited)",
				);
				GCC_SYMBOLS_PRIVATE_EXTERN = NO;
				GCC_WARN_64_TO_32_BIT_CONVERSION = YES;
				GCC_WARN_ABOUT_RETURN_TYPE = YES_ERROR;
				GCC_WARN_UNDECLARED_SELECTOR = YES;
				GCC_WARN_UNINITIALIZED_AUTOS = YES_AGGRESSIVE;
				GCC_WARN_UNUSED_FUNCTION = YES;
				GCC_WARN_UNUSED_VARIABLE = YES;
				IPHONEOS_DEPLOYMENT_TARGET = 8.1;
				MTL_ENABLE_DEBUG_INFO = YES;
				ONLY_ACTIVE_ARCH = YES;
				SDKROOT = iphoneos;
				SWIFT_OPTIMIZATION_LEVEL = "-Onone";
			};
			name = Debug;
		};
		8B7A8AB01AA26A0700BD77FE /* Release */ = {
			isa = XCBuildConfiguration;
			buildSettings = {
				ALWAYS_SEARCH_USER_PATHS = NO;
				CLANG_CXX_LANGUAGE_STANDARD = "gnu++0x";
				CLANG_CXX_LIBRARY = "libc++";
				CLANG_ENABLE_MODULES = YES;
				CLANG_ENABLE_OBJC_ARC = YES;
				CLANG_WARN_BOOL_CONVERSION = YES;
				CLANG_WARN_CONSTANT_CONVERSION = YES;
				CLANG_WARN_DIRECT_OBJC_ISA_USAGE = YES_ERROR;
				CLANG_WARN_EMPTY_BODY = YES;
				CLANG_WARN_ENUM_CONVERSION = YES;
				CLANG_WARN_INT_CONVERSION = YES;
				CLANG_WARN_OBJC_ROOT_CLASS = YES_ERROR;
				CLANG_WARN_UNREACHABLE_CODE = YES;
				CLANG_WARN__DUPLICATE_METHOD_MATCH = YES;
				"CODE_SIGN_IDENTITY[sdk=iphoneos*]" = "iPhone Developer";
				COPY_PHASE_STRIP = YES;
				ENABLE_NS_ASSERTIONS = NO;
				ENABLE_STRICT_OBJC_MSGSEND = YES;
				GCC_C_LANGUAGE_STANDARD = gnu99;
				GCC_WARN_64_TO_32_BIT_CONVERSION = YES;
				GCC_WARN_ABOUT_RETURN_TYPE = YES_ERROR;
				GCC_WARN_UNDECLARED_SELECTOR = YES;
				GCC_WARN_UNINITIALIZED_AUTOS = YES_AGGRESSIVE;
				GCC_WARN_UNUSED_FUNCTION = YES;
				GCC_WARN_UNUSED_VARIABLE = YES;
				IPHONEOS_DEPLOYMENT_TARGET = 8.1;
				MTL_ENABLE_DEBUG_INFO = NO;
				SDKROOT = iphoneos;
				VALIDATE_PRODUCT = YES;
			};
			name = Release;
		};
		8B7A8AB21AA26A0700BD77FE /* Debug */ = {
			isa = XCBuildConfiguration;
			buildSettings = {
				ASSETCATALOG_COMPILER_APPICON_NAME = AppIcon;
				INFOPLIST_FILE = LevenshteinExample/Info.plist;
				LD_RUNPATH_SEARCH_PATHS = "$(inherited) @executable_path/Frameworks";
				PRODUCT_NAME = "$(TARGET_NAME)";
			};
			name = Debug;
		};
		8B7A8AB31AA26A0700BD77FE /* Release */ = {
			isa = XCBuildConfiguration;
			buildSettings = {
				ASSETCATALOG_COMPILER_APPICON_NAME = AppIcon;
				INFOPLIST_FILE = LevenshteinExample/Info.plist;
				LD_RUNPATH_SEARCH_PATHS = "$(inherited) @executable_path/Frameworks";
				PRODUCT_NAME = "$(TARGET_NAME)";
			};
			name = Release;
		};
		8B7A8AB51AA26A0700BD77FE /* Debug */ = {
			isa = XCBuildConfiguration;
			buildSettings = {
				BUNDLE_LOADER = "$(TEST_HOST)";
				FRAMEWORK_SEARCH_PATHS = (
					"$(SDKROOT)/Developer/Library/Frameworks",
					"$(inherited)",
				);
				GCC_PREPROCESSOR_DEFINITIONS = (
					"DEBUG=1",
					"$(inherited)",
				);
				INFOPLIST_FILE = LevenshteinExampleTests/Info.plist;
				LD_RUNPATH_SEARCH_PATHS = "$(inherited) @executable_path/Frameworks @loader_path/Frameworks";
				PRODUCT_NAME = "$(TARGET_NAME)";
				TEST_HOST = "$(BUILT_PRODUCTS_DIR)/LevenshteinExample.app/LevenshteinExample";
			};
			name = Debug;
		};
		8B7A8AB61AA26A0700BD77FE /* Release */ = {
			isa = XCBuildConfiguration;
			buildSettings = {
				BUNDLE_LOADER = "$(TEST_HOST)";
				FRAMEWORK_SEARCH_PATHS = (
					"$(SDKROOT)/Developer/Library/Frameworks",
					"$(inherited)",
				);
				INFOPLIST_FILE = LevenshteinExampleTests/Info.plist;
				LD_RUNPATH_SEARCH_PATHS = "$(inherited) @executable_path/Frameworks @loader_path/Frameworks";
				PRODUCT_NAME = "$(TARGET_NAME)";
				TEST_HOST = "$(BUILT_PRODUCTS_DIR)/LevenshteinExample.app/LevenshteinExample";
			};
			name = Release;
		};
/* End XCBuildConfiguration section */

/* Begin XCConfigurationList section */
		8B7A8A8D1AA26A0700BD77FE /* Build configuration list for PBXProject "LevenshteinExample" */ = {
			isa = XCConfigurationList;
			buildConfigurations = (
				8B7A8AAF1AA26A0700BD77FE /* Debug */,
				8B7A8AB01AA26A0700BD77FE /* Release */,
			);
			defaultConfigurationIsVisible = 0;
			defaultConfigurationName = Release;
		};
		8B7A8AB11AA26A0700BD77FE /* Build configuration list for PBXNativeTarget "LevenshteinExample" */ = {
			isa = XCConfigurationList;
			buildConfigurations = (
				8B7A8AB21AA26A0700BD77FE /* Debug */,
				8B7A8AB31AA26A0700BD77FE /* Release */,
			);
			defaultConfigurationIsVisible = 0;
			defaultConfigurationName = Release;
		};
		8B7A8AB41AA26A0700BD77FE /* Build configuration list for PBXNativeTarget "LevenshteinExampleTests" */ = {
			isa = XCConfigurationList;
			buildConfigurations = (
				8B7A8AB51AA26A0700BD77FE /* Debug */,
				8B7A8AB61AA26A0700BD77FE /* Release */,
			);
			defaultConfigurationIsVisible = 0;
			defaultConfigurationName = Release;
		};
/* End XCConfigurationList section */
	};
	rootObject = 8B7A8A8A1AA26A0700BD77FE /* Project object */;
}
